
Microsoft Visual Studio Solution File, Format Version 12.00
# Visual Studio Version 16
VisualStudioVersion = 16.0.30907.101
MinimumVisualStudioVersion = 10.0.40219.1
Project("{9A19103F-16F7-4668-BE54-9A1E7A4F7556}") = "KampIntro", "KampIntro\KampIntro.csproj", "{B20A413F-8AC7-4043-A5E4-3F7A0F6A4975}"
EndProject
Project("{9A19103F-16F7-4668-BE54-9A1E7A4F7556}") = "Donguler", "Donguler\Donguler.csproj", "{BE14EAA0-6C80-4306-B613-4B30138AC249}"
EndProject
Project("{9A19103F-16F7-4668-BE54-9A1E7A4F7556}") = "ClassIntro", "ClassIntro\ClassIntro.csproj", "{1F78B233-4B35-4A03-B878-5A4D358B40D2}"
EndProject
Project("{9A19103F-16F7-4668-BE54-9A1E7A4F7556}") = "Metotlar", "Metotlar\Metotlar.csproj", "{36C02FE1-A7CA-4540-AE14-C364B35A118E}"
EndProject
Project("{9A19103F-16F7-4668-BE54-9A1E7A4F7556}") = "Matematik", "Matematik\Matematik.csproj", "{165A4235-650B-4451-AFFF-E6F23106A7EE}"
EndProject
Project("{9A19103F-16F7-4668-BE54-9A1E7A4F7556}") = "DegerVeReferansTipler", "DegerVeReferansTipler\DegerVeReferansTipler.csproj", "{93873012-C961-42CE-9663-5CE2324B6253}"
EndProject
Project("{9A19103F-16F7-4668-BE54-9A1E7A4F7556}") = "D21Methods", "D21Methods\D21Methods.csproj", "{990FDBC6-E8DF-407A-B299-9E2A863EEF1C}"
EndProject
Project("{9A19103F-16F7-4668-BE54-9A1E7A4F7556}") = "OOP1", "OOP1\OOP1.csproj", "{1B1FEB2B-16C5-46D5-8456-B36293D9F053}"
EndProject
Project("{9A19103F-16F7-4668-BE54-9A1E7A4F7556}") = "ClassMetotDemo", "ClassMetotDemo\ClassMetotDemo.csproj", "{D7BD5F45-FEEB-4B93-8D29-F7E4063151D3}"
EndProject
Project("{9A19103F-16F7-4668-BE54-9A1E7A4F7556}") = "Koleksiyonlar", "Koleksiyonlar\Koleksiyonlar.csproj", "{588B316E-8A0B-446D-B088-2EDA6920EE65}"
EndProject
Project("{9A19103F-16F7-4668-BE54-9A1E7A4F7556}") = "GenericsIntro", "GenericsIntro\GenericsIntro.csproj", "{8035A0AF-3BD0-4631-B341-FFE453892EDC}"
EndProject
Project("{9A19103F-16F7-4668-BE54-9A1E7A4F7556}") = "Dictionary", "Dictionary\Dictionary.csproj", "{B7AB2B2B-11C4-4106-B9F5-F5C6A1962FA9}"
EndProject
Project("{9A19103F-16F7-4668-BE54-9A1E7A4F7556}") = "Oop2", "Oop2\Oop2.csproj", "{9B72BCCE-A4EC-4E9B-9950-5CA7E3486AF4}"
EndProject
Project("{9A19103F-16F7-4668-BE54-9A1E7A4F7556}") = "Oop3", "Oop3\Oop3.csproj", "{E936AD52-DBBE-4752-B31D-152F4C3C4A90}"
EndProject
Project("{FAE04EC0-301F-11D3-BF4B-00C04F79EFBC}") = "RecapDemo1", "RecapDemo1\RecapDemo1.csproj", "{F1B34B28-44D6-4298-9346-E4439042B725}"
EndProject
Project("{FAE04EC0-301F-11D3-BF4B-00C04F79EFBC}") = "MyGameProject", "MyGameProject\MyGameProject.csproj", "{59DE1CA7-0E36-40E2-ABC7-F0EE9BDA9344}"
EndProject
Global
	GlobalSection(SolutionConfigurationPlatforms) = preSolution
		Debug|Any CPU = Debug|Any CPU
		Release|Any CPU = Release|Any CPU
	EndGlobalSection
	GlobalSection(ProjectConfigurationPlatforms) = postSolution
		{B20A413F-8AC7-4043-A5E4-3F7A0F6A4975}.Debug|Any CPU.ActiveCfg = Debug|Any CPU
		{B20A413F-8AC7-4043-A5E4-3F7A0F6A4975}.Debug|Any CPU.Build.0 = Debug|Any CPU
		{B20A413F-8AC7-4043-A5E4-3F7A0F6A4975}.Release|Any CPU.ActiveCfg = Release|Any CPU
		{B20A413F-8AC7-4043-A5E4-3F7A0F6A4975}.Release|Any CPU.Build.0 = Release|Any CPU
		{BE14EAA0-6C80-4306-B613-4B30138AC249}.Debug|Any CPU.ActiveCfg = Debug|Any CPU
		{BE14EAA0-6C80-4306-B613-4B30138AC249}.Debug|Any CPU.Build.0 = Debug|Any CPU
		{BE14EAA0-6C80-4306-B613-4B30138AC249}.Release|Any CPU.ActiveCfg = Release|Any CPU
		{BE14EAA0-6C80-4306-B613-4B30138AC249}.Release|Any CPU.Build.0 = Release|Any CPU
		{1F78B233-4B35-4A03-B878-5A4D358B40D2}.Debug|Any CPU.ActiveCfg = Debug|Any CPU
		{1F78B233-4B35-4A03-B878-5A4D358B40D2}.Debug|Any CPU.Build.0 = Debug|Any CPU
		{1F78B233-4B35-4A03-B878-5A4D358B40D2}.Release|Any CPU.ActiveCfg = Release|Any CPU
		{1F78B233-4B35-4A03-B878-5A4D358B40D2}.Release|Any CPU.Build.0 = Release|Any CPU
		{36C02FE1-A7CA-4540-AE14-C364B35A118E}.Debug|Any CPU.ActiveCfg = Debug|Any CPU
		{36C02FE1-A7CA-4540-AE14-C364B35A118E}.Debug|Any CPU.Build.0 = Debug|Any CPU
		{36C02FE1-A7CA-4540-AE14-C364B35A118E}.Release|Any CPU.ActiveCfg = Release|Any CPU
		{36C02FE1-A7CA-4540-AE14-C364B35A118E}.Release|Any CPU.Build.0 = Release|Any CPU
		{165A4235-650B-4451-AFFF-E6F23106A7EE}.Debug|Any CPU.ActiveCfg = Debug|Any CPU
		{165A4235-650B-4451-AFFF-E6F23106A7EE}.Debug|Any CPU.Build.0 = Debug|Any CPU
		{165A4235-650B-4451-AFFF-E6F23106A7EE}.Release|Any CPU.ActiveCfg = Release|Any CPU
		{165A4235-650B-4451-AFFF-E6F23106A7EE}.Release|Any CPU.Build.0 = Release|Any CPU
		{93873012-C961-42CE-9663-5CE2324B6253}.Debug|Any CPU.ActiveCfg = Debug|Any CPU
		{93873012-C961-42CE-9663-5CE2324B6253}.Debug|Any CPU.Build.0 = Debug|Any CPU
		{93873012-C961-42CE-9663-5CE2324B6253}.Release|Any CPU.ActiveCfg = Release|Any CPU
		{93873012-C961-42CE-9663-5CE2324B6253}.Release|Any CPU.Build.0 = Release|Any CPU
		{990FDBC6-E8DF-407A-B299-9E2A863EEF1C}.Debug|Any CPU.ActiveCfg = Debug|Any CPU
		{990FDBC6-E8DF-407A-B299-9E2A863EEF1C}.Debug|Any CPU.Build.0 = Debug|Any CPU
		{990FDBC6-E8DF-407A-B299-9E2A863EEF1C}.Release|Any CPU.ActiveCfg = Release|Any CPU
		{990FDBC6-E8DF-407A-B299-9E2A863EEF1C}.Release|Any CPU.Build.0 = Release|Any CPU
		{1B1FEB2B-16C5-46D5-8456-B36293D9F053}.Debug|Any CPU.ActiveCfg = Debug|Any CPU
		{1B1FEB2B-16C5-46D5-8456-B36293D9F053}.Debug|Any CPU.Build.0 = Debug|Any CPU
		{1B1FEB2B-16C5-46D5-8456-B36293D9F053}.Release|Any CPU.ActiveCfg = Release|Any CPU
		{1B1FEB2B-16C5-46D5-8456-B36293D9F053}.Release|Any CPU.Build.0 = Release|Any CPU
		{D7BD5F45-FEEB-4B93-8D29-F7E4063151D3}.Debug|Any CPU.ActiveCfg = Debug|Any CPU
		{D7BD5F45-FEEB-4B93-8D29-F7E4063151D3}.Debug|Any CPU.Build.0 = Debug|Any CPU
		{D7BD5F45-FEEB-4B93-8D29-F7E4063151D3}.Release|Any CPU.ActiveCfg = Release|Any CPU
		{D7BD5F45-FEEB-4B93-8D29-F7E4063151D3}.Release|Any CPU.Build.0 = Release|Any CPU
		{588B316E-8A0B-446D-B088-2EDA6920EE65}.Debug|Any CPU.ActiveCfg = Debug|Any CPU
		{588B316E-8A0B-446D-B088-2EDA6920EE65}.Debug|Any CPU.Build.0 = Debug|Any CPU
		{588B316E-8A0B-446D-B088-2EDA6920EE65}.Release|Any CPU.ActiveCfg = Release|Any CPU
		{588B316E-8A0B-446D-B088-2EDA6920EE65}.Release|Any CPU.Build.0 = Release|Any CPU
		{8035A0AF-3BD0-4631-B341-FFE453892EDC}.Debug|Any CPU.ActiveCfg = Debug|Any CPU
		{8035A0AF-3BD0-4631-B341-FFE453892EDC}.Debug|Any CPU.Build.0 = Debug|Any CPU
		{8035A0AF-3BD0-4631-B341-FFE453892EDC}.Release|Any CPU.ActiveCfg = Release|Any CPU
		{8035A0AF-3BD0-4631-B341-FFE453892EDC}.Release|Any CPU.Build.0 = Release|Any CPU
		{B7AB2B2B-11C4-4106-B9F5-F5C6A1962FA9}.Debug|Any CPU.ActiveCfg = Debug|Any CPU
		{B7AB2B2B-11C4-4106-B9F5-F5C6A1962FA9}.Debug|Any CPU.Build.0 = Debug|Any CPU
		{B7AB2B2B-11C4-4106-B9F5-F5C6A1962FA9}.Release|Any CPU.ActiveCfg = Release|Any CPU
		{B7AB2B2B-11C4-4106-B9F5-F5C6A1962FA9}.Release|Any CPU.Build.0 = Release|Any CPU
		{9B72BCCE-A4EC-4E9B-9950-5CA7E3486AF4}.Debug|Any CPU.ActiveCfg = Debug|Any CPU
		{9B72BCCE-A4EC-4E9B-9950-5CA7E3486AF4}.Debug|Any CPU.Build.0 = Debug|Any CPU
		{9B72BCCE-A4EC-4E9B-9950-5CA7E3486AF4}.Release|Any CPU.ActiveCfg = Release|Any CPU
		{9B72BCCE-A4EC-4E9B-9950-5CA7E3486AF4}.Release|Any CPU.Build.0 = Release|Any CPU
		{E936AD52-DBBE-4752-B31D-152F4C3C4A90}.Debug|Any CPU.ActiveCfg = Debug|Any CPU
		{E936AD52-DBBE-4752-B31D-152F4C3C4A90}.Debug|Any CPU.Build.0 = Debug|Any CPU
		{E936AD52-DBBE-4752-B31D-152F4C3C4A90}.Release|Any CPU.ActiveCfg = Release|Any CPU
		{E936AD52-DBBE-4752-B31D-152F4C3C4A90}.Release|Any CPU.Build.0 = Release|Any CPU
		{F1B34B28-44D6-4298-9346-E4439042B725}.Debug|Any CPU.ActiveCfg = Debug|Any CPU
		{F1B34B28-44D6-4298-9346-E4439042B725}.Debug|Any CPU.Build.0 = Debug|Any CPU
		{F1B34B28-44D6-4298-9346-E4439042B725}.Release|Any CPU.ActiveCfg = Release|Any CPU
		{F1B34B28-44D6-4298-9346-E4439042B725}.Release|Any CPU.Build.0 = Release|Any CPU
		{59DE1CA7-0E36-40E2-ABC7-F0EE9BDA9344}.Debug|Any CPU.ActiveCfg = Debug|Any CPU
		{59DE1CA7-0E36-40E2-ABC7-F0EE9BDA9344}.Debug|Any CPU.Build.0 = Debug|Any CPU
		{59DE1CA7-0E36-40E2-ABC7-F0EE9BDA9344}.Release|Any CPU.ActiveCfg = Release|Any CPU
		{59DE1CA7-0E36-40E2-ABC7-F0EE9BDA9344}.Release|Any CPU.Build.0 = Release|Any CPU
	EndGlobalSection
	GlobalSection(SolutionProperties) = preSolution
		HideSolutionNode = FALSE
	EndGlobalSection
	GlobalSection(ExtensibilityGlobals) = postSolution
		SolutionGuid = {56A32BB0-28D5-45E5-A368-8ABA9A9269DE}
	EndGlobalSection
EndGlobal
